
Microsoft Visual Studio Solution File, Format Version 12.00
# Visual Studio Version 17
VisualStudioVersion = 17.4.33213.308
MinimumVisualStudioVersion = 10.0.40219.1
Project("{FAE04EC0-301F-11D3-BF4B-00C04F79EFBC}") = "hangman", "hangman.csproj", "{B45F1652-7591-4B65-A5A7-2D761115FFD2}"
EndProject
Global
	GlobalSection(SolutionConfigurationPlatforms) = preSolution
		Debug|Any CPU = Debug|Any CPU
		Release|Any CPU = Release|Any CPU
	EndGlobalSection
	GlobalSection(ProjectConfigurationPlatforms) = postSolution
		{B45F1652-7591-4B65-A5A7-2D761115FFD2}.Debug|Any CPU.ActiveCfg = Debug|Any CPU
		{B45F1652-7591-4B65-A5A7-2D761115FFD2}.Debug|Any CPU.Build.0 = Debug|Any CPU
		{B45F1652-7591-4B65-A5A7-2D761115FFD2}.Release|Any CPU.ActiveCfg = Release|Any CPU
		{B45F1652-7591-4B65-A5A7-2D761115FFD2}.Release|Any CPU.Build.0 = Release|Any CPU
	EndGlobalSection
	GlobalSection(SolutionProperties) = preSolution
		HideSolutionNode = FALSE
	EndGlobalSection
	GlobalSection(ExtensibilityGlobals) = postSolution
		SolutionGuid = {E9E5CD79-5C8E-44CC-9D26-AFBCB6FF6664}
	EndGlobalSection
EndGlobal
